// !$*UTF8*$!
{
	archiveVersion = 1;
	classes = {
	};
	objectVersion = 77;
	objects = {

/* Begin PBXBuildFile section */
		058ABEE42F191A47003F90A2 /* DSPEngine.mm in Sources */ = {isa = PBXBuildFile; fileRef = 058ABEE32F191A47003F90A2 /* DSPEngine.mm */; };
		058ABEE82F191E58003F90A2 /* DSPEngineWrapper.mm in Sources */ = {isa = PBXBuildFile; fileRef = 058ABEE72F191E58003F90A2 /* DSPEngineWrapper.mm */; };
		058ABEEC2F1A6781003F90A2 /* CaptureManager.swift in Sources */ = {isa = PBXBuildFile; fileRef = 058ABEEB2F1A6781003F90A2 /* CaptureManager.swift */; };
		058ABEEE2F1AC2F9003F90A2 /* VFDShaders.metal in Sources */ = {isa = PBXBuildFile; fileRef = 058ABEED2F1AC2F9003F90A2 /* VFDShaders.metal */; };
		058ABEF02F1AC46F003F90A2 /* MetalVisualizerView.swift in Sources */ = {isa = PBXBuildFile; fileRef = 058ABEEF2F1AC46F003F90A2 /* MetalVisualizerView.swift */; };
		058ABEF22F1AC498003F90A2 /* Renderer.swift in Sources */ = {isa = PBXBuildFile; fileRef = 058ABEF12F1AC498003F90A2 /* Renderer.swift */; };
		058ABF222F1ECC0B003F90A2 /* .gitignore in Resources */ = {isa = PBXBuildFile; fileRef = 058ABF212F1ECC0B003F90A2 /* .gitignore */; };
/* End PBXBuildFile section */

/* Begin PBXContainerItemProxy section */
		058ABEBE2F191142003F90A2 /* PBXContainerItemProxy */ = {
			isa = PBXContainerItemProxy;
			containerPortal = 058ABEA82F19113F003F90A2 /* Project object */;
			proxyType = 1;
			remoteGlobalIDString = 058ABEAF2F19113F003F90A2;
			remoteInfo = "VFD Visualizer";
		};
		058ABEC82F191142003F90A2 /* PBXContainerItemProxy */ = {
			isa = PBXContainerItemProxy;
			containerPortal = 058ABEA82F19113F003F90A2 /* Project object */;
			proxyType = 1;
			remoteGlobalIDString = 058ABEAF2F19113F003F90A2;
			remoteInfo = "VFD Visualizer";
		};
/* End PBXContainerItemProxy section */

/* Begin PBXFileReference section */
		058ABEB02F19113F003F90A2 /* VFD Visualizer.app */ = {isa = PBXFileReference; explicitFileType = wrapper.application; includeInIndex = 0; path = "VFD Visualizer.app"; sourceTree = BUILT_PRODUCTS_DIR; };
		058ABEBD2F191142003F90A2 /* VFD VisualizerTests.xctest */ = {isa = PBXFileReference; explicitFileType = wrapper.cfbundle; includeInIndex = 0; path = "VFD VisualizerTests.xctest"; sourceTree = BUILT_PRODUCTS_DIR; };
		058ABEC72F191142003F90A2 /* VFD VisualizerUITests.xctest */ = {isa = PBXFileReference; explicitFileType = wrapper.cfbundle; includeInIndex = 0; path = "VFD VisualizerUITests.xctest"; sourceTree = BUILT_PRODUCTS_DIR; };
		058ABEDC2F191990003F90A2 /* VFD Visualizer-Bridging-Header.h */ = {isa = PBXFileReference; lastKnownFileType = sourcecode.c.h; path = "VFD Visualizer-Bridging-Header.h"; sourceTree = "<group>"; };
		058ABEE32F191A47003F90A2 /* DSPEngine.mm */ = {isa = PBXFileReference; lastKnownFileType = sourcecode.cpp.objcpp; path = DSPEngine.mm; sourceTree = "<group>"; };
		058ABEE62F191E39003F90A2 /* DSPEngineWrapper.h */ = {isa = PBXFileReference; lastKnownFileType = sourcecode.c.h; path = DSPEngineWrapper.h; sourceTree = "<group>"; };
		058ABEE72F191E58003F90A2 /* DSPEngineWrapper.mm */ = {isa = PBXFileReference; lastKnownFileType = sourcecode.cpp.objcpp; path = DSPEngineWrapper.mm; sourceTree = "<group>"; };
		058ABEEB2F1A6781003F90A2 /* CaptureManager.swift */ = {isa = PBXFileReference; lastKnownFileType = sourcecode.swift; path = CaptureManager.swift; sourceTree = "<group>"; };
		058ABEED2F1AC2F9003F90A2 /* VFDShaders.metal */ = {isa = PBXFileReference; lastKnownFileType = sourcecode.metal; path = VFDShaders.metal; sourceTree = "<group>"; };
		058ABEEF2F1AC46F003F90A2 /* MetalVisualizerView.swift */ = {isa = PBXFileReference; lastKnownFileType = sourcecode.swift; path = MetalVisualizerView.swift; sourceTree = "<group>"; };
		058ABEF12F1AC498003F90A2 /* Renderer.swift */ = {isa = PBXFileReference; lastKnownFileType = sourcecode.swift; path = Renderer.swift; sourceTree = "<group>"; };
		058ABEF32F1D4073003F90A2 /* DSPEngine.hpp */ = {isa = PBXFileReference; lastKnownFileType = sourcecode.cpp.h; path = DSPEngine.hpp; sourceTree = "<group>"; };
		058ABF212F1ECC0B003F90A2 /* .gitignore */ = {isa = PBXFileReference; lastKnownFileType = text; path = .gitignore; sourceTree = "<group>"; };
/* End PBXFileReference section */

/* Begin PBXFileSystemSynchronizedRootGroup section */
		058ABEB22F19113F003F90A2 /* VFD Visualizer */ = {
			isa = PBXFileSystemSynchronizedRootGroup;
			path = "VFD Visualizer";
			sourceTree = "<group>";
		};
		058ABEC02F191142003F90A2 /* VFD VisualizerTests */ = {
			isa = PBXFileSystemSynchronizedRootGroup;
			path = "VFD VisualizerTests";
			sourceTree = "<group>";
		};
		058ABECA2F191142003F90A2 /* VFD VisualizerUITests */ = {
			isa = PBXFileSystemSynchronizedRootGroup;
			path = "VFD VisualizerUITests";
			sourceTree = "<group>";
		};
/* End PBXFileSystemSynchronizedRootGroup section */

/* Begin PBXFrameworksBuildPhase section */
		058ABEAD2F19113F003F90A2 /* Frameworks */ = {
			isa = PBXFrameworksBuildPhase;
			buildActionMask = 2147483647;
			files = (
			);
			runOnlyForDeploymentPostprocessing = 0;
		};
		058ABEBA2F191142003F90A2 /* Frameworks */ = {
			isa = PBXFrameworksBuildPhase;
			buildActionMask = 2147483647;
			files = (
			);
			runOnlyForDeploymentPostprocessing = 0;
		};
		058ABEC42F191142003F90A2 /* Frameworks */ = {
			isa = PBXFrameworksBuildPhase;
			buildActionMask = 2147483647;
			files = (
			);
			runOnlyForDeploymentPostprocessing = 0;
		};
/* End PBXFrameworksBuildPhase section */

/* Begin PBXGroup section */
		058ABEA72F19113F003F90A2 = {
			isa = PBXGroup;
			children = (
				058ABF212F1ECC0B003F90A2 /* .gitignore */,
				058ABEB22F19113F003F90A2 /* VFD Visualizer */,
				058ABEC02F191142003F90A2 /* VFD VisualizerTests */,
				058ABECA2F191142003F90A2 /* VFD VisualizerUITests */,
				058ABEB12F19113F003F90A2 /* Products */,
				058ABEDC2F191990003F90A2 /* VFD Visualizer-Bridging-Header.h */,
				058ABEE62F191E39003F90A2 /* DSPEngineWrapper.h */,
				058ABEE72F191E58003F90A2 /* DSPEngineWrapper.mm */,
				058ABEEB2F1A6781003F90A2 /* CaptureManager.swift */,
				058ABEED2F1AC2F9003F90A2 /* VFDShaders.metal */,
				058ABEEF2F1AC46F003F90A2 /* MetalVisualizerView.swift */,
				058ABEF12F1AC498003F90A2 /* Renderer.swift */,
				058ABEF32F1D4073003F90A2 /* DSPEngine.hpp */,
				058ABEE32F191A47003F90A2 /* DSPEngine.mm */,
			);
			sourceTree = "<group>";
		};
		058ABEB12F19113F003F90A2 /* Products */ = {
			isa = PBXGroup;
			children = (
				058ABEB02F19113F003F90A2 /* VFD Visualizer.app */,
				058ABEBD2F191142003F90A2 /* VFD VisualizerTests.xctest */,
				058ABEC72F191142003F90A2 /* VFD VisualizerUITests.xctest */,
			);
			name = Products;
			sourceTree = "<group>";
		};
/* End PBXGroup section */

/* Begin PBXNativeTarget section */
		058ABEAF2F19113F003F90A2 /* VFD Visualizer */ = {
			isa = PBXNativeTarget;
			buildConfigurationList = 058ABED12F191142003F90A2 /* Build configuration list for PBXNativeTarget "VFD Visualizer" */;
			buildPhases = (
				058ABEAC2F19113F003F90A2 /* Sources */,
				058ABEAD2F19113F003F90A2 /* Frameworks */,
				058ABEAE2F19113F003F90A2 /* Resources */,
			);
			buildRules = (
			);
			dependencies = (
			);
			fileSystemSynchronizedGroups = (
				058ABEB22F19113F003F90A2 /* VFD Visualizer */,
			);
			name = "VFD Visualizer";
			packageProductDependencies = (
			);
			productName = "VFD Visualizer";
			productReference = 058ABEB02F19113F003F90A2 /* VFD Visualizer.app */;
			productType = "com.apple.product-type.application";
		};
		058ABEBC2F191142003F90A2 /* VFD VisualizerTests */ = {
			isa = PBXNativeTarget;
			buildConfigurationList = 058ABED42F191142003F90A2 /* Build configuration list for PBXNativeTarget "VFD VisualizerTests" */;
			buildPhases = (
				058ABEB92F191142003F90A2 /* Sources */,
				058ABEBA2F191142003F90A2 /* Frameworks */,
				058ABEBB2F191142003F90A2 /* Resources */,
			);
			buildRules = (
			);
			dependencies = (
				058ABEBF2F191142003F90A2 /* PBXTargetDependency */,
			);
			fileSystemSynchronizedGroups = (
				058ABEC02F191142003F90A2 /* VFD VisualizerTests */,
			);
			name = "VFD VisualizerTests";
			packageProductDependencies = (
			);
			productName = "VFD VisualizerTests";
			productReference = 058ABEBD2F191142003F90A2 /* VFD VisualizerTests.xctest */;
			productType = "com.apple.product-type.bundle.unit-test";
		};
		058ABEC62F191142003F90A2 /* VFD VisualizerUITests */ = {
			isa = PBXNativeTarget;
			buildConfigurationList = 058ABED72F191142003F90A2 /* Build configuration list for PBXNativeTarget "VFD VisualizerUITests" */;
			buildPhases = (
				058ABEC32F191142003F90A2 /* Sources */,
				058ABEC42F191142003F90A2 /* Frameworks */,
				058ABEC52F191142003F90A2 /* Resources */,
			);
			buildRules = (
			);
			dependencies = (
				058ABEC92F191142003F90A2 /* PBXTargetDependency */,
			);
			fileSystemSynchronizedGroups = (
				058ABECA2F191142003F90A2 /* VFD VisualizerUITests */,
			);
			name = "VFD VisualizerUITests";
			packageProductDependencies = (
			);
			productName = "VFD VisualizerUITests";
			productReference = 058ABEC72F191142003F90A2 /* VFD VisualizerUITests.xctest */;
			productType = "com.apple.product-type.bundle.ui-testing";
		};
/* End PBXNativeTarget section */

/* Begin PBXProject section */
		058ABEA82F19113F003F90A2 /* Project object */ = {
			isa = PBXProject;
			attributes = {
				BuildIndependentTargetsInParallel = 1;
				LastSwiftUpdateCheck = 2620;
				LastUpgradeCheck = 2620;
				TargetAttributes = {
					058ABEAF2F19113F003F90A2 = {
						CreatedOnToolsVersion = 26.2;
						LastSwiftMigration = 2620;
					};
					058ABEBC2F191142003F90A2 = {
						CreatedOnToolsVersion = 26.2;
						TestTargetID = 058ABEAF2F19113F003F90A2;
					};
					058ABEC62F191142003F90A2 = {
						CreatedOnToolsVersion = 26.2;
						TestTargetID = 058ABEAF2F19113F003F90A2;
					};
				};
			};
			buildConfigurationList = 058ABEAB2F19113F003F90A2 /* Build configuration list for PBXProject "VFD Visualizer" */;
			developmentRegion = en;
			hasScannedForEncodings = 0;
			knownRegions = (
				en,
				Base,
			);
			mainGroup = 058ABEA72F19113F003F90A2;
			minimizedProjectReferenceProxies = 1;
			preferredProjectObjectVersion = 77;
			productRefGroup = 058ABEB12F19113F003F90A2 /* Products */;
			projectDirPath = "";
			projectRoot = "";
			targets = (
				058ABEAF2F19113F003F90A2 /* VFD Visualizer */,
				058ABEBC2F191142003F90A2 /* VFD VisualizerTests */,
				058ABEC62F191142003F90A2 /* VFD VisualizerUITests */,
			);
		};
/* End PBXProject section */

/* Begin PBXResourcesBuildPhase section */
		058ABEAE2F19113F003F90A2 /* Resources */ = {
			isa = PBXResourcesBuildPhase;
			buildActionMask = 2147483647;
			files = (
				058ABF222F1ECC0B003F90A2 /* .gitignore in Resources */,
			);
			runOnlyForDeploymentPostprocessing = 0;
		};
		058ABEBB2F191142003F90A2 /* Resources */ = {
			isa = PBXResourcesBuildPhase;
			buildActionMask = 2147483647;
			files = (
			);
			runOnlyForDeploymentPostprocessing = 0;
		};
		058ABEC52F191142003F90A2 /* Resources */ = {
			isa = PBXResourcesBuildPhase;
			buildActionMask = 2147483647;
			files = (
			);
			runOnlyForDeploymentPostprocessing = 0;
		};
/* End PBXResourcesBuildPhase section */

/* Begin PBXSourcesBuildPhase section */
		058ABEAC2F19113F003F90A2 /* Sources */ = {
			isa = PBXSourcesBuildPhase;
			buildActionMask = 2147483647;
			files = (
				058ABEF02F1AC46F003F90A2 /* MetalVisualizerView.swift in Sources */,
				058ABEE42F191A47003F90A2 /* DSPEngine.mm in Sources */,
				058ABEEC2F1A6781003F90A2 /* CaptureManager.swift in Sources */,
				058ABEEE2F1AC2F9003F90A2 /* VFDShaders.metal in Sources */,
				058ABEE82F191E58003F90A2 /* DSPEngineWrapper.mm in Sources */,
				058ABEF22F1AC498003F90A2 /* Renderer.swift in Sources */,
			);
			runOnlyForDeploymentPostprocessing = 0;
		};
		058ABEB92F191142003F90A2 /* Sources */ = {
			isa = PBXSourcesBuildPhase;
			buildActionMask = 2147483647;
			files = (
			);
			runOnlyForDeploymentPostprocessing = 0;
		};
		058ABEC32F191142003F90A2 /* Sources */ = {
			isa = PBXSourcesBuildPhase;
			buildActionMask = 2147483647;
			files = (
			);
			runOnlyForDeploymentPostprocessing = 0;
		};
/* End PBXSourcesBuildPhase section */

/* Begin PBXTargetDependency section */
		058ABEBF2F191142003F90A2 /* PBXTargetDependency */ = {
			isa = PBXTargetDependency;
			target = 058ABEAF2F19113F003F90A2 /* VFD Visualizer */;
			targetProxy = 058ABEBE2F191142003F90A2 /* PBXContainerItemProxy */;
		};
		058ABEC92F191142003F90A2 /* PBXTargetDependency */ = {
			isa = PBXTargetDependency;
			target = 058ABEAF2F19113F003F90A2 /* VFD Visualizer */;
			targetProxy = 058ABEC82F191142003F90A2 /* PBXContainerItemProxy */;
		};
/* End PBXTargetDependency section */

/* Begin XCBuildConfiguration section */
		058ABECF2F191142003F90A2 /* Debug */ = {
			isa = XCBuildConfiguration;
			buildSettings = {
				ALWAYS_SEARCH_USER_PATHS = NO;
				ASSETCATALOG_COMPILER_GENERATE_SWIFT_ASSET_SYMBOL_EXTENSIONS = YES;
				CLANG_ANALYZER_NONNULL = YES;
				CLANG_ANALYZER_NUMBER_OBJECT_CONVERSION = YES_AGGRESSIVE;
				CLANG_CXX_LANGUAGE_STANDARD = "gnu++20";
				CLANG_ENABLE_MODULES = YES;
				CLANG_ENABLE_OBJC_ARC = YES;
				CLANG_ENABLE_OBJC_WEAK = YES;
				CLANG_WARN_BLOCK_CAPTURE_AUTORELEASING = YES;
				CLANG_WARN_BOOL_CONVERSION = YES;
				CLANG_WARN_COMMA = YES;
				CLANG_WARN_CONSTANT_CONVERSION = YES;
				CLANG_WARN_DEPRECATED_OBJC_IMPLEMENTATIONS = YES;
				CLANG_WARN_DIRECT_OBJC_ISA_USAGE = YES_ERROR;
				CLANG_WARN_DOCUMENTATION_COMMENTS = YES;
				CLANG_WARN_EMPTY_BODY = YES;
				CLANG_WARN_ENUM_CONVERSION = YES;
				CLANG_WARN_INFINITE_RECURSION = YES;
				CLANG_WARN_INT_CONVERSION = YES;
				CLANG_WARN_NON_LITERAL_NULL_CONVERSION = YES;
				CLANG_WARN_OBJC_IMPLICIT_RETAIN_SELF = YES;
				CLANG_WARN_OBJC_LITERAL_CONVERSION = YES;
				CLANG_WARN_OBJC_ROOT_CLASS = YES_ERROR;
				CLANG_WARN_QUOTED_INCLUDE_IN_FRAMEWORK_HEADER = YES;
				CLANG_WARN_RANGE_LOOP_ANALYSIS = YES;
				CLANG_WARN_STRICT_PROTOTYPES = YES;
				CLANG_WARN_SUSPICIOUS_MOVE = YES;
				CLANG_WARN_UNGUARDED_AVAILABILITY = YES_AGGRESSIVE;
				CLANG_WARN_UNREACHABLE_CODE = YES;
				CLANG_WARN__DUPLICATE_METHOD_MATCH = YES;
				COPY_PHASE_STRIP = NO;
				DEBUG_INFORMATION_FORMAT = dwarf;
				DEVELOPMENT_TEAM = 8YX5RHM93J;
				ENABLE_STRICT_OBJC_MSGSEND = YES;
				ENABLE_TESTABILITY = YES;
				ENABLE_USER_SCRIPT_SANDBOXING = YES;
				GCC_C_LANGUAGE_STANDARD = gnu17;
				GCC_DYNAMIC_NO_PIC = NO;
				GCC_NO_COMMON_BLOCKS = YES;
				GCC_OPTIMIZATION_LEVEL = 0;
				GCC_PREPROCESSOR_DEFINITIONS = (
					"DEBUG=1",
					"$(inherited)",
				);
				GCC_WARN_64_TO_32_BIT_CONVERSION = YES;
				GCC_WARN_ABOUT_RETURN_TYPE = YES_ERROR;
				GCC_WARN_UNDECLARED_SELECTOR = YES;
				GCC_WARN_UNINITIALIZED_AUTOS = YES_AGGRESSIVE;
				GCC_WARN_UNUSED_FUNCTION = YES;
				GCC_WARN_UNUSED_VARIABLE = YES;
				LOCALIZATION_PREFERS_STRING_CATALOGS = YES;
				MACOSX_DEPLOYMENT_TARGET = 15.6;
				MTL_ENABLE_DEBUG_INFO = INCLUDE_SOURCE;
				MTL_FAST_MATH = YES;
				ONLY_ACTIVE_ARCH = YES;
				SDKROOT = macosx;
				SWIFT_ACTIVE_COMPILATION_CONDITIONS = "DEBUG $(inherited)";
				SWIFT_OPTIMIZATION_LEVEL = "-Onone";
			};
			name = Debug;
		};
		058ABED02F191142003F90A2 /* Release */ = {
			isa = XCBuildConfiguration;
			buildSettings = {
				ALWAYS_SEARCH_USER_PATHS = NO;
				ASSETCATALOG_COMPILER_GENERATE_SWIFT_ASSET_SYMBOL_EXTENSIONS = YES;
				CLANG_ANALYZER_NONNULL = YES;
				CLANG_ANALYZER_NUMBER_OBJECT_CONVERSION = YES_AGGRESSIVE;
				CLANG_CXX_LANGUAGE_STANDARD = "gnu++20";
				CLANG_ENABLE_MODULES = YES;
				CLANG_ENABLE_OBJC_ARC = YES;
				CLANG_ENABLE_OBJC_WEAK = YES;
				CLANG_WARN_BLOCK_CAPTURE_AUTORELEASING = YES;
				CLANG_WARN_BOOL_CONVERSION = YES;
				CLANG_WARN_COMMA = YES;
				CLANG_WARN_CONSTANT_CONVERSION = YES;
				CLANG_WARN_DEPRECATED_OBJC_IMPLEMENTATIONS = YES;
				CLANG_WARN_DIRECT_OBJC_ISA_USAGE = YES_ERROR;
				CLANG_WARN_DOCUMENTATION_COMMENTS = YES;
				CLANG_WARN_EMPTY_BODY = YES;
				CLANG_WARN_ENUM_CONVERSION = YES;
				CLANG_WARN_INFINITE_RECURSION = YES;
				CLANG_WARN_INT_CONVERSION = YES;
				CLANG_WARN_NON_LITERAL_NULL_CONVERSION = YES;
				CLANG_WARN_OBJC_IMPLICIT_RETAIN_SELF = YES;
				CLANG_WARN_OBJC_LITERAL_CONVERSION = YES;
				CLANG_WARN_OBJC_ROOT_CLASS = YES_ERROR;
				CLANG_WARN_QUOTED_INCLUDE_IN_FRAMEWORK_HEADER = YES;
				CLANG_WARN_RANGE_LOOP_ANALYSIS = YES;
				CLANG_WARN_STRICT_PROTOTYPES = YES;
				CLANG_WARN_SUSPICIOUS_MOVE = YES;
				CLANG_WARN_UNGUARDED_AVAILABILITY = YES_AGGRESSIVE;
				CLANG_WARN_UNREACHABLE_CODE = YES;
				CLANG_WARN__DUPLICATE_METHOD_MATCH = YES;
				COPY_PHASE_STRIP = NO;
				DEBUG_INFORMATION_FORMAT = "dwarf-with-dsym";
				DEVELOPMENT_TEAM = 8YX5RHM93J;
				ENABLE_NS_ASSERTIONS = NO;
				ENABLE_STRICT_OBJC_MSGSEND = YES;
				ENABLE_USER_SCRIPT_SANDBOXING = YES;
				GCC_C_LANGUAGE_STANDARD = gnu17;
				GCC_NO_COMMON_BLOCKS = YES;
				GCC_WARN_64_TO_32_BIT_CONVERSION = YES;
				GCC_WARN_ABOUT_RETURN_TYPE = YES_ERROR;
				GCC_WARN_UNDECLARED_SELECTOR = YES;
				GCC_WARN_UNINITIALIZED_AUTOS = YES_AGGRESSIVE;
				GCC_WARN_UNUSED_FUNCTION = YES;
				GCC_WARN_UNUSED_VARIABLE = YES;
				LOCALIZATION_PREFERS_STRING_CATALOGS = YES;
				MACOSX_DEPLOYMENT_TARGET = 15.6;
				MTL_ENABLE_DEBUG_INFO = NO;
				MTL_FAST_MATH = YES;
				SDKROOT = macosx;
				SWIFT_COMPILATION_MODE = wholemodule;
			};
			name = Release;
		};
		058ABED22F191142003F90A2 /* Debug */ = {
			isa = XCBuildConfiguration;
			buildSettings = {
				ASSETCATALOG_COMPILER_APPICON_NAME = AppIcon;
				ASSETCATALOG_COMPILER_GLOBAL_ACCENT_COLOR_NAME = AccentColor;
				CLANG_ENABLE_MODULES = YES;
				CODE_SIGN_STYLE = Automatic;
				COMBINE_HIDPI_IMAGES = YES;
				CURRENT_PROJECT_VERSION = 1;
				DEVELOPMENT_TEAM = 8YX5RHM93J;
				ENABLE_APP_SANDBOX = YES;
				ENABLE_HARDENED_RUNTIME = YES;
				ENABLE_INCOMING_NETWORK_CONNECTIONS = NO;
				ENABLE_OUTGOING_NETWORK_CONNECTIONS = NO;
				ENABLE_PREVIEWS = YES;
				ENABLE_RESOURCE_ACCESS_AUDIO_INPUT = YES;
				ENABLE_RESOURCE_ACCESS_BLUETOOTH = NO;
				ENABLE_RESOURCE_ACCESS_CALENDARS = NO;
				ENABLE_RESOURCE_ACCESS_CAMERA = NO;
				ENABLE_RESOURCE_ACCESS_CONTACTS = NO;
				ENABLE_RESOURCE_ACCESS_LOCATION = NO;
				ENABLE_RESOURCE_ACCESS_PRINTING = NO;
				ENABLE_RESOURCE_ACCESS_USB = NO;
				ENABLE_USER_SELECTED_FILES = readonly;
				GENERATE_INFOPLIST_FILE = YES;
				INFOPLIST_FILE = "VFD-Visualizer-Info.plist";
				INFOPLIST_KEY_NSHumanReadableCopyright = "";
				LD_RUNPATH_SEARCH_PATHS = (
					"$(inherited)",
					"@executable_path/../Frameworks",
				);
				MARKETING_VERSION = 1.0;
				PRODUCT_BUNDLE_IDENTIFIER = "MPowell.VFD-Visualizer";
				PRODUCT_NAME = "$(TARGET_NAME)";
				REGISTER_APP_GROUPS = YES;
				STRING_CATALOG_GENERATE_SYMBOLS = YES;
				SWIFT_APPROACHABLE_CONCURRENCY = YES;
				SWIFT_DEFAULT_ACTOR_ISOLATION = MainActor;
				SWIFT_EMIT_LOC_STRINGS = YES;
				SWIFT_OBJC_BRIDGING_HEADER = "VFD Visualizer-Bridging-Header.h";
				SWIFT_OPTIMIZATION_LEVEL = "-Onone";
				SWIFT_UPCOMING_FEATURE_MEMBER_IMPORT_VISIBILITY = YES;
				SWIFT_VERSION = 5.0;
			};
			name = Debug;
		};
		058ABED32F191142003F90A2 /* Release */ = {
			isa = XCBuildConfiguration;
			buildSettings = {
				ASSETCATALOG_COMPILER_APPICON_NAME = AppIcon;
				ASSETCATALOG_COMPILER_GLOBAL_ACCENT_COLOR_NAME = AccentColor;
				CLANG_ENABLE_MODULES = YES;
				CODE_SIGN_STYLE = Automatic;
				COMBINE_HIDPI_IMAGES = YES;
				CURRENT_PROJECT_VERSION = 1;
				DEVELOPMENT_TEAM = 8YX5RHM93J;
				ENABLE_APP_SANDBOX = YES;
				ENABLE_HARDENED_RUNTIME = YES;
				ENABLE_INCOMING_NETWORK_CONNECTIONS = NO;
				ENABLE_OUTGOING_NETWORK_CONNECTIONS = NO;
				ENABLE_PREVIEWS = YES;
				ENABLE_RESOURCE_ACCESS_AUDIO_INPUT = YES;
				ENABLE_RESOURCE_ACCESS_BLUETOOTH = NO;
				ENABLE_RESOURCE_ACCESS_CALENDARS = NO;
				ENABLE_RESOURCE_ACCESS_CAMERA = NO;
				ENABLE_RESOURCE_ACCESS_CONTACTS = NO;
				ENABLE_RESOURCE_ACCESS_LOCATION = NO;
				ENABLE_RESOURCE_ACCESS_PRINTING = NO;
				ENABLE_RESOURCE_ACCESS_USB = NO;
				ENABLE_USER_SELECTED_FILES = readonly;
				GENERATE_INFOPLIST_FILE = YES;
				INFOPLIST_FILE = "VFD-Visualizer-Info.plist";
				INFOPLIST_KEY_NSHumanReadableCopyright = "";
				LD_RUNPATH_SEARCH_PATHS = (
					"$(inherited)",
					"@executable_path/../Frameworks",
				);
				MARKETING_VERSION = 1.0;
				PRODUCT_BUNDLE_IDENTIFIER = "MPowell.VFD-Visualizer";
				PRODUCT_NAME = "$(TARGET_NAME)";
				REGISTER_APP_GROUPS = YES;
				STRING_CATALOG_GENERATE_SYMBOLS = YES;
				SWIFT_APPROACHABLE_CONCURRENCY = YES;
				SWIFT_DEFAULT_ACTOR_ISOLATION = MainActor;
				SWIFT_EMIT_LOC_STRINGS = YES;
				SWIFT_OBJC_BRIDGING_HEADER = "VFD Visualizer-Bridging-Header.h";
				SWIFT_UPCOMING_FEATURE_MEMBER_IMPORT_VISIBILITY = YES;
				SWIFT_VERSION = 5.0;
			};
			name = Release;
		};
		058ABED52F191142003F90A2 /* Debug */ = {
			isa = XCBuildConfiguration;
			buildSettings = {
				BUNDLE_LOADER = "$(TEST_HOST)";
				CODE_SIGN_STYLE = Automatic;
				CURRENT_PROJECT_VERSION = 1;
				DEVELOPMENT_TEAM = 8YX5RHM93J;
				GENERATE_INFOPLIST_FILE = YES;
				MACOSX_DEPLOYMENT_TARGET = 15.6;
				MARKETING_VERSION = 1.0;
				PRODUCT_BUNDLE_IDENTIFIER = "MPowell.VFD-VisualizerTests";
				PRODUCT_NAME = "$(TARGET_NAME)";
				STRING_CATALOG_GENERATE_SYMBOLS = NO;
				SWIFT_APPROACHABLE_CONCURRENCY = YES;
				SWIFT_EMIT_LOC_STRINGS = NO;
				SWIFT_UPCOMING_FEATURE_MEMBER_IMPORT_VISIBILITY = YES;
				SWIFT_VERSION = 5.0;
				TEST_HOST = "$(BUILT_PRODUCTS_DIR)/VFD Visualizer.app/$(BUNDLE_EXECUTABLE_FOLDER_PATH)/VFD Visualizer";
			};
			name = Debug;
		};
		058ABED62F191142003F90A2 /* Release */ = {
			isa = XCBuildConfiguration;
			buildSettings = {
				BUNDLE_LOADER = "$(TEST_HOST)";
				CODE_SIGN_STYLE = Automatic;
				CURRENT_PROJECT_VERSION = 1;
				DEVELOPMENT_TEAM = 8YX5RHM93J;
				GENERATE_INFOPLIST_FILE = YES;
				MACOSX_DEPLOYMENT_TARGET = 15.6;
				MARKETING_VERSION = 1.0;
				PRODUCT_BUNDLE_IDENTIFIER = "MPowell.VFD-VisualizerTests";
				PRODUCT_NAME = "$(TARGET_NAME)";
				STRING_CATALOG_GENERATE_SYMBOLS = NO;
				SWIFT_APPROACHABLE_CONCURRENCY = YES;
				SWIFT_EMIT_LOC_STRINGS = NO;
				SWIFT_UPCOMING_FEATURE_MEMBER_IMPORT_VISIBILITY = YES;
				SWIFT_VERSION = 5.0;
				TEST_HOST = "$(BUILT_PRODUCTS_DIR)/VFD Visualizer.app/$(BUNDLE_EXECUTABLE_FOLDER_PATH)/VFD Visualizer";
			};
			name = Release;
		};
		058ABED82F191142003F90A2 /* Debug */ = {
			isa = XCBuildConfiguration;
			buildSettings = {
				CODE_SIGN_STYLE = Automatic;
				CURRENT_PROJECT_VERSION = 1;
				DEVELOPMENT_TEAM = 8YX5RHM93J;
				GENERATE_INFOPLIST_FILE = YES;
				MARKETING_VERSION = 1.0;
				PRODUCT_BUNDLE_IDENTIFIER = "MPowell.VFD-VisualizerUITests";
				PRODUCT_NAME = "$(TARGET_NAME)";
				STRING_CATALOG_GENERATE_SYMBOLS = NO;
				SWIFT_APPROACHABLE_CONCURRENCY = YES;
				SWIFT_EMIT_LOC_STRINGS = NO;
				SWIFT_UPCOMING_FEATURE_MEMBER_IMPORT_VISIBILITY = YES;
				SWIFT_VERSION = 5.0;
				TEST_TARGET_NAME = "VFD Visualizer";
			};
			name = Debug;
		};
		058ABED92F191142003F90A2 /* Release */ = {
			isa = XCBuildConfiguration;
			buildSettings = {
				CODE_SIGN_STYLE = Automatic;
				CURRENT_PROJECT_VERSION = 1;
				DEVELOPMENT_TEAM = 8YX5RHM93J;
				GENERATE_INFOPLIST_FILE = YES;
				MARKETING_VERSION = 1.0;
				PRODUCT_BUNDLE_IDENTIFIER = "MPowell.VFD-VisualizerUITests";
				PRODUCT_NAME = "$(TARGET_NAME)";
				STRING_CATALOG_GENERATE_SYMBOLS = NO;
				SWIFT_APPROACHABLE_CONCURRENCY = YES;
				SWIFT_EMIT_LOC_STRINGS = NO;
				SWIFT_UPCOMING_FEATURE_MEMBER_IMPORT_VISIBILITY = YES;
				SWIFT_VERSION = 5.0;
				TEST_TARGET_NAME = "VFD Visualizer";
			};
			name = Release;
		};
/* End XCBuildConfiguration section */

/* Begin XCConfigurationList section */
		058ABEAB2F19113F003F90A2 /* Build configuration list for PBXProject "VFD Visualizer" */ = {
			isa = XCConfigurationList;
			buildConfigurations = (
				058ABECF2F191142003F90A2 /* Debug */,
				058ABED02F191142003F90A2 /* Release */,
			);
			defaultConfigurationIsVisible = 0;
			defaultConfigurationName = Release;
		};
		058ABED12F191142003F90A2 /* Build configuration list for PBXNativeTarget "VFD Visualizer" */ = {
			isa = XCConfigurationList;
			buildConfigurations = (
				058ABED22F191142003F90A2 /* Debug */,
				058ABED32F191142003F90A2 /* Release */,
			);
			defaultConfigurationIsVisible = 0;
			defaultConfigurationName = Release;
		};
		058ABED42F191142003F90A2 /* Build configuration list for PBXNativeTarget "VFD VisualizerTests" */ = {
			isa = XCConfigurationList;
			buildConfigurations = (
				058ABED52F191142003F90A2 /* Debug */,
				058ABED62F191142003F90A2 /* Release */,
			);
			defaultConfigurationIsVisible = 0;
			defaultConfigurationName = Release;
		};
		058ABED72F191142003F90A2 /* Build configuration list for PBXNativeTarget "VFD VisualizerUITests" */ = {
			isa = XCConfigurationList;
			buildConfigurations = (
				058ABED82F191142003F90A2 /* Debug */,
				058ABED92F191142003F90A2 /* Release */,
			);
			defaultConfigurationIsVisible = 0;
			defaultConfigurationName = Release;
		};
/* End XCConfigurationList section */
	};
	rootObject = 058ABEA82F19113F003F90A2 /* Project object */;
}
